// !$*UTF8*$!
{
	archiveVersion = 1;
	classes = {
	};
	objectVersion = 55;
	objects = {

/* Begin PBXBuildFile section */
		16FADE012ACDE13700D5B314 /* HelloWorldApp.swift in Sources */ = {isa = PBXBuildFile; fileRef = 16FADE002ACDE13700D5B314 /* HelloWorldApp.swift */; };
		16FADE032ACDE13700D5B314 /* ContentView.swift in Sources */ = {isa = PBXBuildFile; fileRef = 16FADE022ACDE13700D5B314 /* ContentView.swift */; };
		16FADE052ACDE13900D5B314 /* Assets.xcassets in Resources */ = {isa = PBXBuildFile; fileRef = 16FADE042ACDE13900D5B314 /* Assets.xcassets */; };
		16FADE082ACDE13900D5B314 /* Preview Assets.xcassets in Resources */ = {isa = PBXBuildFile; fileRef = 16FADE072ACDE13900D5B314 /* Preview Assets.xcassets */; };
		16FADE122ACDE13900D5B314 /* HelloWorldTests.swift in Sources */ = {isa = PBXBuildFile; fileRef = 16FADE112ACDE13900D5B314 /* HelloWorldTests.swift */; };
		16FADE1C2ACDE13900D5B314 /* HelloWorldUITests.swift in Sources */ = {isa = PBXBuildFile; fileRef = 16FADE1B2ACDE13900D5B314 /* HelloWorldUITests.swift */; };
		16FADE1E2ACDE13900D5B314 /* HelloWorldUITestsLaunchTests.swift in Sources */ = {isa = PBXBuildFile; fileRef = 16FADE1D2ACDE13900D5B314 /* HelloWorldUITestsLaunchTests.swift */; };
/* End PBXBuildFile section */

/* Begin PBXContainerItemProxy section */
		16FADE0E2ACDE13900D5B314 /* PBXContainerItemProxy */ = {
			isa = PBXContainerItemProxy;
			containerPortal = 16FADDF52ACDE13600D5B314 /* Project object */;
			proxyType = 1;
			remoteGlobalIDString = 16FADDFC2ACDE13600D5B314;
			remoteInfo = HelloWorld;
		};
		16FADE182ACDE13900D5B314 /* PBXContainerItemProxy */ = {
			isa = PBXContainerItemProxy;
			containerPortal = 16FADDF52ACDE13600D5B314 /* Project object */;
			proxyType = 1;
			remoteGlobalIDString = 16FADDFC2ACDE13600D5B314;
			remoteInfo = HelloWorld;
		};
/* End PBXContainerItemProxy section */

/* Begin PBXFileReference section */
		16FADDFD2ACDE13700D5B314 /* Hello World.app */ = {isa = PBXFileReference; explicitFileType = wrapper.application; includeInIndex = 0; path = "Hello World.app"; sourceTree = BUILT_PRODUCTS_DIR; };
		16FADE002ACDE13700D5B314 /* HelloWorldApp.swift */ = {isa = PBXFileReference; lastKnownFileType = sourcecode.swift; path = HelloWorldApp.swift; sourceTree = "<group>"; };
		16FADE022ACDE13700D5B314 /* ContentView.swift */ = {isa = PBXFileReference; lastKnownFileType = sourcecode.swift; path = ContentView.swift; sourceTree = "<group>"; };
		16FADE042ACDE13900D5B314 /* Assets.xcassets */ = {isa = PBXFileReference; lastKnownFileType = folder.assetcatalog; path = Assets.xcassets; sourceTree = "<group>"; };
		16FADE072ACDE13900D5B314 /* Preview Assets.xcassets */ = {isa = PBXFileReference; lastKnownFileType = folder.assetcatalog; path = "Preview Assets.xcassets"; sourceTree = "<group>"; };
		16FADE0D2ACDE13900D5B314 /* HelloWorldTests.xctest */ = {isa = PBXFileReference; explicitFileType = wrapper.cfbundle; includeInIndex = 0; path = HelloWorldTests.xctest; sourceTree = BUILT_PRODUCTS_DIR; };
		16FADE112ACDE13900D5B314 /* HelloWorldTests.swift */ = {isa = PBXFileReference; lastKnownFileType = sourcecode.swift; path = HelloWorldTests.swift; sourceTree = "<group>"; };
		16FADE172ACDE13900D5B314 /* HelloWorldUITests.xctest */ = {isa = PBXFileReference; explicitFileType = wrapper.cfbundle; includeInIndex = 0; path = HelloWorldUITests.xctest; sourceTree = BUILT_PRODUCTS_DIR; };
		16FADE1B2ACDE13900D5B314 /* HelloWorldUITests.swift */ = {isa = PBXFileReference; lastKnownFileType = sourcecode.swift; path = HelloWorldUITests.swift; sourceTree = "<group>"; };
		16FADE1D2ACDE13900D5B314 /* HelloWorldUITestsLaunchTests.swift */ = {isa = PBXFileReference; lastKnownFileType = sourcecode.swift; path = HelloWorldUITestsLaunchTests.swift; sourceTree = "<group>"; };
/* End PBXFileReference section */

/* Begin PBXFrameworksBuildPhase section */
		16FADDFA2ACDE13600D5B314 /* Frameworks */ = {
			isa = PBXFrameworksBuildPhase;
			buildActionMask = 2147483647;
			files = (
			);
			runOnlyForDeploymentPostprocessing = 0;
		};
		16FADE0A2ACDE13900D5B314 /* Frameworks */ = {
			isa = PBXFrameworksBuildPhase;
			buildActionMask = 2147483647;
			files = (
			);
			runOnlyForDeploymentPostprocessing = 0;
		};
		16FADE142ACDE13900D5B314 /* Frameworks */ = {
			isa = PBXFrameworksBuildPhase;
			buildActionMask = 2147483647;
			files = (
			);
			runOnlyForDeploymentPostprocessing = 0;
		};
/* End PBXFrameworksBuildPhase section */

/* Begin PBXGroup section */
		16FADDF42ACDE13600D5B314 = {
			isa = PBXGroup;
			children = (
				16FADDFF2ACDE13700D5B314 /* HelloWorld */,
				16FADE102ACDE13900D5B314 /* HelloWorldTests */,
				16FADE1A2ACDE13900D5B314 /* HelloWorldUITests */,
				16FADDFE2ACDE13700D5B314 /* Products */,
			);
			sourceTree = "<group>";
		};
		16FADDFE2ACDE13700D5B314 /* Products */ = {
			isa = PBXGroup;
			children = (
				16FADDFD2ACDE13700D5B314 /* Hello World.app */,
				16FADE0D2ACDE13900D5B314 /* HelloWorldTests.xctest */,
				16FADE172ACDE13900D5B314 /* HelloWorldUITests.xctest */,
			);
			name = Products;
			sourceTree = "<group>";
		};
		16FADDFF2ACDE13700D5B314 /* HelloWorld */ = {
			isa = PBXGroup;
			children = (
				16FADE002ACDE13700D5B314 /* HelloWorldApp.swift */,
				16FADE022ACDE13700D5B314 /* ContentView.swift */,
				16FADE042ACDE13900D5B314 /* Assets.xcassets */,
				16FADE062ACDE13900D5B314 /* Preview Content */,
			);
			path = HelloWorld;
			sourceTree = "<group>";
		};
		16FADE062ACDE13900D5B314 /* Preview Content */ = {
			isa = PBXGroup;
			children = (
				16FADE072ACDE13900D5B314 /* Preview Assets.xcassets */,
			);
			path = "Preview Content";
			sourceTree = "<group>";
		};
		16FADE102ACDE13900D5B314 /* HelloWorldTests */ = {
			isa = PBXGroup;
			children = (
				16FADE112ACDE13900D5B314 /* HelloWorldTests.swift */,
			);
			path = HelloWorldTests;
			sourceTree = "<group>";
		};
		16FADE1A2ACDE13900D5B314 /* HelloWorldUITests */ = {
			isa = PBXGroup;
			children = (
				16FADE1B2ACDE13900D5B314 /* HelloWorldUITests.swift */,
				16FADE1D2ACDE13900D5B314 /* HelloWorldUITestsLaunchTests.swift */,
			);
			path = HelloWorldUITests;
			sourceTree = "<group>";
		};
/* End PBXGroup section */

/* Begin PBXNativeTarget section */
		16FADDFC2ACDE13600D5B314 /* HelloWorld */ = {
			isa = PBXNativeTarget;
			buildConfigurationList = 16FADE212ACDE13900D5B314 /* Build configuration list for PBXNativeTarget "HelloWorld" */;
			buildPhases = (
				16FADDF92ACDE13600D5B314 /* Sources */,
				16FADDFA2ACDE13600D5B314 /* Frameworks */,
				16FADDFB2ACDE13600D5B314 /* Resources */,
			);
			buildRules = (
			);
			dependencies = (
			);
			name = HelloWorld;
			productName = HelloWorld;
			productReference = 16FADDFD2ACDE13700D5B314 /* Hello World.app */;
			productType = "com.apple.product-type.application";
		};
		16FADE0C2ACDE13900D5B314 /* HelloWorldTests */ = {
			isa = PBXNativeTarget;
			buildConfigurationList = 16FADE242ACDE13900D5B314 /* Build configuration list for PBXNativeTarget "HelloWorldTests" */;
			buildPhases = (
				16FADE092ACDE13900D5B314 /* Sources */,
				16FADE0A2ACDE13900D5B314 /* Frameworks */,
				16FADE0B2ACDE13900D5B314 /* Resources */,
			);
			buildRules = (
			);
			dependencies = (
				16FADE0F2ACDE13900D5B314 /* PBXTargetDependency */,
			);
			name = HelloWorldTests;
			productName = HelloWorldTests;
			productReference = 16FADE0D2ACDE13900D5B314 /* HelloWorldTests.xctest */;
			productType = "com.apple.product-type.bundle.unit-test";
		};
		16FADE162ACDE13900D5B314 /* HelloWorldUITests */ = {
			isa = PBXNativeTarget;
			buildConfigurationList = 16FADE272ACDE13900D5B314 /* Build configuration list for PBXNativeTarget "HelloWorldUITests" */;
			buildPhases = (
				16FADE132ACDE13900D5B314 /* Sources */,
				16FADE142ACDE13900D5B314 /* Frameworks */,
				16FADE152ACDE13900D5B314 /* Resources */,
			);
			buildRules = (
			);
			dependencies = (
				16FADE192ACDE13900D5B314 /* PBXTargetDependency */,
			);
			name = HelloWorldUITests;
			productName = HelloWorldUITests;
			productReference = 16FADE172ACDE13900D5B314 /* HelloWorldUITests.xctest */;
			productType = "com.apple.product-type.bundle.ui-testing";
		};
/* End PBXNativeTarget section */

/* Begin PBXProject section */
		16FADDF52ACDE13600D5B314 /* Project object */ = {
			isa = PBXProject;
			attributes = {
				BuildIndependentTargetsInParallel = 1;
				LastSwiftUpdateCheck = 1340;
				LastUpgradeCheck = 1340;
				TargetAttributes = {
					16FADDFC2ACDE13600D5B314 = {
						CreatedOnToolsVersion = 13.4.1;
					};
					16FADE0C2ACDE13900D5B314 = {
						CreatedOnToolsVersion = 13.4.1;
						TestTargetID = 16FADDFC2ACDE13600D5B314;
					};
					16FADE162ACDE13900D5B314 = {
						CreatedOnToolsVersion = 13.4.1;
						TestTargetID = 16FADDFC2ACDE13600D5B314;
					};
				};
			};
			buildConfigurationList = 16FADDF82ACDE13600D5B314 /* Build configuration list for PBXProject "HelloWorld" */;
			compatibilityVersion = "Xcode 13.0";
			developmentRegion = en;
			hasScannedForEncodings = 0;
			knownRegions = (
				en,
				Base,
			);
			mainGroup = 16FADDF42ACDE13600D5B314;
			productRefGroup = 16FADDFE2ACDE13700D5B314 /* Products */;
			projectDirPath = "";
			projectRoot = "";
			targets = (
				16FADDFC2ACDE13600D5B314 /* HelloWorld */,
				16FADE0C2ACDE13900D5B314 /* HelloWorldTests */,
				16FADE162ACDE13900D5B314 /* HelloWorldUITests */,
			);
		};
/* End PBXProject section */

/* Begin PBXResourcesBuildPhase section */
		16FADDFB2ACDE13600D5B314 /* Resources */ = {
			isa = PBXResourcesBuildPhase;
			buildActionMask = 2147483647;
			files = (
				16FADE082ACDE13900D5B314 /* Preview Assets.xcassets in Resources */,
				16FADE052ACDE13900D5B314 /* Assets.xcassets in Resources */,
			);
			runOnlyForDeploymentPostprocessing = 0;
		};
		16FADE0B2ACDE13900D5B314 /* Resources */ = {
			isa = PBXResourcesBuildPhase;
			buildActionMask = 2147483647;
			files = (
			);
			runOnlyForDeploymentPostprocessing = 0;
		};
		16FADE152ACDE13900D5B314 /* Resources */ = {
			isa = PBXResourcesBuildPhase;
			buildActionMask = 2147483647;
			files = (
			);
			runOnlyForDeploymentPostprocessing = 0;
		};
/* End PBXResourcesBuildPhase section */

/* Begin PBXSourcesBuildPhase section */
		16FADDF92ACDE13600D5B314 /* Sources */ = {
			isa = PBXSourcesBuildPhase;
			buildActionMask = 2147483647;
			files = (
				16FADE032ACDE13700D5B314 /* ContentView.swift in Sources */,
				16FADE012ACDE13700D5B314 /* HelloWorldApp.swift in Sources */,
			);
			runOnlyForDeploymentPostprocessing = 0;
		};
		16FADE092ACDE13900D5B314 /* Sources */ = {
			isa = PBXSourcesBuildPhase;
			buildActionMask = 2147483647;
			files = (
				16FADE122ACDE13900D5B314 /* HelloWorldTests.swift in Sources */,
			);
			runOnlyForDeploymentPostprocessing = 0;
		};
		16FADE132ACDE13900D5B314 /* Sources */ = {
			isa = PBXSourcesBuildPhase;
			buildActionMask = 2147483647;
			files = (
				16FADE1E2ACDE13900D5B314 /* HelloWorldUITestsLaunchTests.swift in Sources */,
				16FADE1C2ACDE13900D5B314 /* HelloWorldUITests.swift in Sources */,
			);
			runOnlyForDeploymentPostprocessing = 0;
		};
/* End PBXSourcesBuildPhase section */

/* Begin PBXTargetDependency section */
		16FADE0F2ACDE13900D5B314 /* PBXTargetDependency */ = {
			isa = PBXTargetDependency;
			target = 16FADDFC2ACDE13600D5B314 /* HelloWorld */;
			targetProxy = 16FADE0E2ACDE13900D5B314 /* PBXContainerItemProxy */;
		};
		16FADE192ACDE13900D5B314 /* PBXTargetDependency */ = {
			isa = PBXTargetDependency;
			target = 16FADDFC2ACDE13600D5B314 /* HelloWorld */;
			targetProxy = 16FADE182ACDE13900D5B314 /* PBXContainerItemProxy */;
		};
/* End PBXTargetDependency section */

/* Begin XCBuildConfiguration section */
		16FADE1F2ACDE13900D5B314 /* Debug */ = {
			isa = XCBuildConfiguration;
			buildSettings = {
				ALWAYS_SEARCH_USER_PATHS = NO;
				CLANG_ANALYZER_NONNULL = YES;
				CLANG_ANALYZER_NUMBER_OBJECT_CONVERSION = YES_AGGRESSIVE;
				CLANG_CXX_LANGUAGE_STANDARD = "gnu++17";
				CLANG_ENABLE_MODULES = YES;
				CLANG_ENABLE_OBJC_ARC = YES;
				CLANG_ENABLE_OBJC_WEAK = YES;
				CLANG_WARN_BLOCK_CAPTURE_AUTORELEASING = YES;
				CLANG_WARN_BOOL_CONVERSION = YES;
				CLANG_WARN_COMMA = YES;
				CLANG_WARN_CONSTANT_CONVERSION = YES;
				CLANG_WARN_DEPRECATED_OBJC_IMPLEMENTATIONS = YES;
				CLANG_WARN_DIRECT_OBJC_ISA_USAGE = YES_ERROR;
				CLANG_WARN_DOCUMENTATION_COMMENTS = YES;
				CLANG_WARN_EMPTY_BODY = YES;
				CLANG_WARN_ENUM_CONVERSION = YES;
				CLANG_WARN_INFINITE_RECURSION = YES;
				CLANG_WARN_INT_CONVERSION = YES;
				CLANG_WARN_NON_LITERAL_NULL_CONVERSION = YES;
				CLANG_WARN_OBJC_IMPLICIT_RETAIN_SELF = YES;
				CLANG_WARN_OBJC_LITERAL_CONVERSION = YES;
				CLANG_WARN_OBJC_ROOT_CLASS = YES_ERROR;
				CLANG_WARN_QUOTED_INCLUDE_IN_FRAMEWORK_HEADER = YES;
				CLANG_WARN_RANGE_LOOP_ANALYSIS = YES;
				CLANG_WARN_STRICT_PROTOTYPES = YES;
				CLANG_WARN_SUSPICIOUS_MOVE = YES;
				CLANG_WARN_UNGUARDED_AVAILABILITY = YES_AGGRESSIVE;
				CLANG_WARN_UNREACHABLE_CODE = YES;
				CLANG_WARN__DUPLICATE_METHOD_MATCH = YES;
				COPY_PHASE_STRIP = NO;
				DEBUG_INFORMATION_FORMAT = dwarf;
				ENABLE_STRICT_OBJC_MSGSEND = YES;
				ENABLE_TESTABILITY = YES;
				GCC_C_LANGUAGE_STANDARD = gnu11;
				GCC_DYNAMIC_NO_PIC = NO;
				GCC_NO_COMMON_BLOCKS = YES;
				GCC_OPTIMIZATION_LEVEL = 0;
				GCC_PREPROCESSOR_DEFINITIONS = (
					"DEBUG=1",
					"$(inherited)",
				);
				GCC_WARN_64_TO_32_BIT_CONVERSION = YES;
				GCC_WARN_ABOUT_RETURN_TYPE = YES_ERROR;
				GCC_WARN_UNDECLARED_SELECTOR = YES;
				GCC_WARN_UNINITIALIZED_AUTOS = YES_AGGRESSIVE;
				GCC_WARN_UNUSED_FUNCTION = YES;
				GCC_WARN_UNUSED_VARIABLE = YES;
				IPHONEOS_DEPLOYMENT_TARGET = 15.5;
				MTL_ENABLE_DEBUG_INFO = INCLUDE_SOURCE;
				MTL_FAST_MATH = YES;
				ONLY_ACTIVE_ARCH = YES;
				SDKROOT = iphoneos;
				SWIFT_ACTIVE_COMPILATION_CONDITIONS = DEBUG;
				SWIFT_OPTIMIZATION_LEVEL = "-Onone";
			};
			name = Debug;
		};
		16FADE202ACDE13900D5B314 /* Release */ = {
			isa = XCBuildConfiguration;
			buildSettings = {
				ALWAYS_SEARCH_USER_PATHS = NO;
				CLANG_ANALYZER_NONNULL = YES;
				CLANG_ANALYZER_NUMBER_OBJECT_CONVERSION = YES_AGGRESSIVE;
				CLANG_CXX_LANGUAGE_STANDARD = "gnu++17";
				CLANG_ENABLE_MODULES = YES;
				CLANG_ENABLE_OBJC_ARC = YES;
				CLANG_ENABLE_OBJC_WEAK = YES;
				CLANG_WARN_BLOCK_CAPTURE_AUTORELEASING = YES;
				CLANG_WARN_BOOL_CONVERSION = YES;
				CLANG_WARN_COMMA = YES;
				CLANG_WARN_CONSTANT_CONVERSION = YES;
				CLANG_WARN_DEPRECATED_OBJC_IMPLEMENTATIONS = YES;
				CLANG_WARN_DIRECT_OBJC_ISA_USAGE = YES_ERROR;
				CLANG_WARN_DOCUMENTATION_COMMENTS = YES;
				CLANG_WARN_EMPTY_BODY = YES;
				CLANG_WARN_ENUM_CONVERSION = YES;
				CLANG_WARN_INFINITE_RECURSION = YES;
				CLANG_WARN_INT_CONVERSION = YES;
				CLANG_WARN_NON_LITERAL_NULL_CONVERSION = YES;
				CLANG_WARN_OBJC_IMPLICIT_RETAIN_SELF = YES;
				CLANG_WARN_OBJC_LITERAL_CONVERSION = YES;
				CLANG_WARN_OBJC_ROOT_CLASS = YES_ERROR;
				CLANG_WARN_QUOTED_INCLUDE_IN_FRAMEWORK_HEADER = YES;
				CLANG_WARN_RANGE_LOOP_ANALYSIS = YES;
				CLANG_WARN_STRICT_PROTOTYPES = YES;
				CLANG_WARN_SUSPICIOUS_MOVE = YES;
				CLANG_WARN_UNGUARDED_AVAILABILITY = YES_AGGRESSIVE;
				CLANG_WARN_UNREACHABLE_CODE = YES;
				CLANG_WARN__DUPLICATE_METHOD_MATCH = YES;
				COPY_PHASE_STRIP = NO;
				DEBUG_INFORMATION_FORMAT = "dwarf-with-dsym";
				ENABLE_NS_ASSERTIONS = NO;
				ENABLE_STRICT_OBJC_MSGSEND = YES;
				GCC_C_LANGUAGE_STANDARD = gnu11;
				GCC_NO_COMMON_BLOCKS = YES;
				GCC_WARN_64_TO_32_BIT_CONVERSION = YES;
				GCC_WARN_ABOUT_RETURN_TYPE = YES_ERROR;
				GCC_WARN_UNDECLARED_SELECTOR = YES;
				GCC_WARN_UNINITIALIZED_AUTOS = YES_AGGRESSIVE;
				GCC_WARN_UNUSED_FUNCTION = YES;
				GCC_WARN_UNUSED_VARIABLE = YES;
				IPHONEOS_DEPLOYMENT_TARGET = 15.5;
				MTL_ENABLE_DEBUG_INFO = NO;
				MTL_FAST_MATH = YES;
				SDKROOT = iphoneos;
				SWIFT_COMPILATION_MODE = wholemodule;
				SWIFT_OPTIMIZATION_LEVEL = "-O";
				VALIDATE_PRODUCT = YES;
			};
			name = Release;
		};
		16FADE222ACDE13900D5B314 /* Debug */ = {
			isa = XCBuildConfiguration;
			buildSettings = {
				ASSETCATALOG_COMPILER_APPICON_NAME = AppIcon;
				ASSETCATALOG_COMPILER_GLOBAL_ACCENT_COLOR_NAME = AccentColor;
				CODE_SIGN_STYLE = Automatic;
				CURRENT_PROJECT_VERSION = 1;
				DEVELOPMENT_ASSET_PATHS = "\"HelloWorld/Preview Content\"";
				ENABLE_PREVIEWS = YES;
				GENERATE_INFOPLIST_FILE = YES;
				INFOPLIST_KEY_UIApplicationSceneManifest_Generation = YES;
				INFOPLIST_KEY_UIApplicationSupportsIndirectInputEvents = YES;
				INFOPLIST_KEY_UILaunchScreen_Generation = YES;
				INFOPLIST_KEY_UIRequiresFullScreen = YES;
				INFOPLIST_KEY_UIStatusBarHidden = YES;
				INFOPLIST_KEY_UISupportedInterfaceOrientations = "UIInterfaceOrientationPortrait UIInterfaceOrientationPortraitUpsideDown UIInterfaceOrientationLandscapeLeft UIInterfaceOrientationLandscapeRight";
				INFOPLIST_KEY_UISupportedInterfaceOrientations_iPad = "UIInterfaceOrientationPortrait UIInterfaceOrientationPortraitUpsideDown UIInterfaceOrientationLandscapeLeft UIInterfaceOrientationLandscapeRight";
				INFOPLIST_KEY_UISupportedInterfaceOrientations_iPhone = "UIInterfaceOrientationPortrait UIInterfaceOrientationLandscapeLeft UIInterfaceOrientationLandscapeRight";
				LD_RUNPATH_SEARCH_PATHS = (
					"$(inherited)",
					"@executable_path/Frameworks",
				);
				MARKETING_VERSION = 1.0;
				PRODUCT_BUNDLE_IDENTIFIER = wien.technikum.HelloWorld;
				PRODUCT_NAME = "Hello World";
				SWIFT_EMIT_LOC_STRINGS = YES;
				SWIFT_VERSION = 5.0;
				TARGETED_DEVICE_FAMILY = "1,2";
			};
			name = Debug;
		};
		16FADE232ACDE13900D5B314 /* Release */ = {
			isa = XCBuildConfiguration;
			buildSettings = {
				ASSETCATALOG_COMPILER_APPICON_NAME = AppIcon;
				ASSETCATALOG_COMPILER_GLOBAL_ACCENT_COLOR_NAME = AccentColor;
				CODE_SIGN_STYLE = Automatic;
				CURRENT_PROJECT_VERSION = 1;
				DEVELOPMENT_ASSET_PATHS = "\"HelloWorld/Preview Content\"";
				ENABLE_PREVIEWS = YES;
				GENERATE_INFOPLIST_FILE = YES;
				INFOPLIST_KEY_UIApplicationSceneManifest_Generation = YES;
				INFOPLIST_KEY_UIApplicationSupportsIndirectInputEvents = YES;
				INFOPLIST_KEY_UILaunchScreen_Generation = YES;
				INFOPLIST_KEY_UIRequiresFullScreen = YES;
				INFOPLIST_KEY_UIStatusBarHidden = YES;
				INFOPLIST_KEY_UISupportedInterfaceOrientations = "UIInterfaceOrientationPortrait UIInterfaceOrientationPortraitUpsideDown UIInterfaceOrientationLandscapeLeft UIInterfaceOrientationLandscapeRight";
				INFOPLIST_KEY_UISupportedInterfaceOrientations_iPad = "UIInterfaceOrientationPortrait UIInterfaceOrientationPortraitUpsideDown UIInterfaceOrientationLandscapeLeft UIInterfaceOrientationLandscapeRight";
				INFOPLIST_KEY_UISupportedInterfaceOrientations_iPhone = "UIInterfaceOrientationPortrait UIInterfaceOrientationLandscapeLeft UIInterfaceOrientationLandscapeRight";
				LD_RUNPATH_SEARCH_PATHS = (
					"$(inherited)",
					"@executable_path/Frameworks",
				);
				MARKETING_VERSION = 1.0;
				PRODUCT_BUNDLE_IDENTIFIER = wien.technikum.HelloWorld;
				PRODUCT_NAME = "Hello World";
				SWIFT_EMIT_LOC_STRINGS = YES;
				SWIFT_VERSION = 5.0;
				TARGETED_DEVICE_FAMILY = "1,2";
			};
			name = Release;
		};
		16FADE252ACDE13900D5B314 /* Debug */ = {
			isa = XCBuildConfiguration;
			buildSettings = {
				ALWAYS_EMBED_SWIFT_STANDARD_LIBRARIES = YES;
				BUNDLE_LOADER = "$(TEST_HOST)";
				CODE_SIGN_STYLE = Automatic;
				CURRENT_PROJECT_VERSION = 1;
				GENERATE_INFOPLIST_FILE = YES;
				IPHONEOS_DEPLOYMENT_TARGET = 15.5;
				MARKETING_VERSION = 1.0;
				PRODUCT_BUNDLE_IDENTIFIER = wien.technikum.HelloWorldTests;
				PRODUCT_NAME = "$(TARGET_NAME)";
				SWIFT_EMIT_LOC_STRINGS = NO;
				SWIFT_VERSION = 5.0;
				TARGETED_DEVICE_FAMILY = "1,2";
				TEST_HOST = "$(BUILT_PRODUCTS_DIR)/HelloWorld.app/HelloWorld";
			};
			name = Debug;
		};
		16FADE262ACDE13900D5B314 /* Release */ = {
			isa = XCBuildConfiguration;
			buildSettings = {
				ALWAYS_EMBED_SWIFT_STANDARD_LIBRARIES = YES;
				BUNDLE_LOADER = "$(TEST_HOST)";
				CODE_SIGN_STYLE = Automatic;
				CURRENT_PROJECT_VERSION = 1;
				GENERATE_INFOPLIST_FILE = YES;
				IPHONEOS_DEPLOYMENT_TARGET = 15.5;
				MARKETING_VERSION = 1.0;
				PRODUCT_BUNDLE_IDENTIFIER = wien.technikum.HelloWorldTests;
				PRODUCT_NAME = "$(TARGET_NAME)";
				SWIFT_EMIT_LOC_STRINGS = NO;
				SWIFT_VERSION = 5.0;
				TARGETED_DEVICE_FAMILY = "1,2";
				TEST_HOST = "$(BUILT_PRODUCTS_DIR)/HelloWorld.app/HelloWorld";
			};
			name = Release;
		};
		16FADE282ACDE13900D5B314 /* Debug */ = {
			isa = XCBuildConfiguration;
			buildSettings = {
				ALWAYS_EMBED_SWIFT_STANDARD_LIBRARIES = YES;
				CODE_SIGN_STYLE = Automatic;
				CURRENT_PROJECT_VERSION = 1;
				GENERATE_INFOPLIST_FILE = YES;
				MARKETING_VERSION = 1.0;
				PRODUCT_BUNDLE_IDENTIFIER = wien.technikum.HelloWorldUITests;
				PRODUCT_NAME = "$(TARGET_NAME)";
				SWIFT_EMIT_LOC_STRINGS = NO;
				SWIFT_VERSION = 5.0;
				TARGETED_DEVICE_FAMILY = "1,2";
				TEST_TARGET_NAME = HelloWorld;
			};
			name = Debug;
		};
		16FADE292ACDE13900D5B314 /* Release */ = {
			isa = XCBuildConfiguration;
			buildSettings = {
				ALWAYS_EMBED_SWIFT_STANDARD_LIBRARIES = YES;
				CODE_SIGN_STYLE = Automatic;
				CURRENT_PROJECT_VERSION = 1;
				GENERATE_INFOPLIST_FILE = YES;
				MARKETING_VERSION = 1.0;
				PRODUCT_BUNDLE_IDENTIFIER = wien.technikum.HelloWorldUITests;
				PRODUCT_NAME = "$(TARGET_NAME)";
				SWIFT_EMIT_LOC_STRINGS = NO;
				SWIFT_VERSION = 5.0;
				TARGETED_DEVICE_FAMILY = "1,2";
				TEST_TARGET_NAME = HelloWorld;
			};
			name = Release;
		};
/* End XCBuildConfiguration section */

/* Begin XCConfigurationList section */
		16FADDF82ACDE13600D5B314 /* Build configuration list for PBXProject "HelloWorld" */ = {
			isa = XCConfigurationList;
			buildConfigurations = (
				16FADE1F2ACDE13900D5B314 /* Debug */,
				16FADE202ACDE13900D5B314 /* Release */,
			);
			defaultConfigurationIsVisible = 0;
			defaultConfigurationName = Release;
		};
		16FADE212ACDE13900D5B314 /* Build configuration list for PBXNativeTarget "HelloWorld" */ = {
			isa = XCConfigurationList;
			buildConfigurations = (
				16FADE222ACDE13900D5B314 /* Debug */,
				16FADE232ACDE13900D5B314 /* Release */,
			);
			defaultConfigurationIsVisible = 0;
			defaultConfigurationName = Release;
		};
		16FADE242ACDE13900D5B314 /* Build configuration list for PBXNativeTarget "HelloWorldTests" */ = {
			isa = XCConfigurationList;
			buildConfigurations = (
				16FADE252ACDE13900D5B314 /* Debug */,
				16FADE262ACDE13900D5B314 /* Release */,
			);
			defaultConfigurationIsVisible = 0;
			defaultConfigurationName = Release;
		};
		16FADE272ACDE13900D5B314 /* Build configuration list for PBXNativeTarget "HelloWorldUITests" */ = {
			isa = XCConfigurationList;
			buildConfigurations = (
				16FADE282ACDE13900D5B314 /* Debug */,
				16FADE292ACDE13900D5B314 /* Release */,
			);
			defaultConfigurationIsVisible = 0;
			defaultConfigurationName = Release;
		};
/* End XCConfigurationList section */
	};
	rootObject = 16FADDF52ACDE13600D5B314 /* Project object */;
}
